
Microsoft Visual Studio Solution File, Format Version 12.00
# Visual Studio 15
VisualStudioVersion = 15.0.27428.2015
MinimumVisualStudioVersion = 10.0.40219.1
Project("{9A19103F-16F7-4668-BE54-9A1E7A4F7556}") = "MTG", "MTG\MTG.csproj", "{60AC633C-5DA3-474E-A4EB-B90F9DED2359}"
EndProject
Project("{FAE04EC0-301F-11D3-BF4B-00C04F79EFBC}") = "MTG_Test", "MTG_Test\MTG_Test.csproj", "{BBE37026-6CD6-4726-A049-4AE5601EEDE1}"
EndProject
Global
	GlobalSection(SolutionConfigurationPlatforms) = preSolution
		Debug|Any CPU = Debug|Any CPU
		Release|Any CPU = Release|Any CPU
	EndGlobalSection
	GlobalSection(ProjectConfigurationPlatforms) = postSolution
		{60AC633C-5DA3-474E-A4EB-B90F9DED2359}.Debug|Any CPU.ActiveCfg = Debug|Any CPU
		{60AC633C-5DA3-474E-A4EB-B90F9DED2359}.Debug|Any CPU.Build.0 = Debug|Any CPU
		{60AC633C-5DA3-474E-A4EB-B90F9DED2359}.Release|Any CPU.ActiveCfg = Release|Any CPU
		{60AC633C-5DA3-474E-A4EB-B90F9DED2359}.Release|Any CPU.Build.0 = Release|Any CPU
		{BBE37026-6CD6-4726-A049-4AE5601EEDE1}.Debug|Any CPU.ActiveCfg = Debug|Any CPU
		{BBE37026-6CD6-4726-A049-4AE5601EEDE1}.Debug|Any CPU.Build.0 = Debug|Any CPU
		{BBE37026-6CD6-4726-A049-4AE5601EEDE1}.Release|Any CPU.ActiveCfg = Release|Any CPU
		{BBE37026-6CD6-4726-A049-4AE5601EEDE1}.Release|Any CPU.Build.0 = Release|Any CPU
	EndGlobalSection
	GlobalSection(SolutionProperties) = preSolution
		HideSolutionNode = FALSE
	EndGlobalSection
	GlobalSection(ExtensibilityGlobals) = postSolution
		SolutionGuid = {26317AAA-F6CC-41FA-8F7C-898D615DE5C0}
	EndGlobalSection
EndGlobal
